
Microsoft Visual Studio Solution File, Format Version 12.00
# Visual Studio 11
Project("{FAE04EC0-301F-11D3-BF4B-00C04F79EFBC}") = "N-Body", "N-Body.csproj", "{220F0EC6-E5B8-4210-827D-100962078378}"
EndProject
Global
	GlobalSection(SolutionConfigurationPlatforms) = preSolution
		Debug|x86 = Debug|x86
		Release|x86 = Release|x86
	EndGlobalSection
	GlobalSection(ProjectConfigurationPlatforms) = postSolution
		{220F0EC6-E5B8-4210-827D-100962078378}.Debug|x86.ActiveCfg = Debug|x86
		{220F0EC6-E5B8-4210-827D-100962078378}.Debug|x86.Build.0 = Debug|x86
		{220F0EC6-E5B8-4210-827D-100962078378}.Release|x86.ActiveCfg = Release|x86
		{220F0EC6-E5B8-4210-827D-100962078378}.Release|x86.Build.0 = Release|x86
	EndGlobalSection
	GlobalSection(SolutionProperties) = preSolution
		HideSolutionNode = FALSE
	EndGlobalSection
	GlobalSection(Performance) = preSolution
		HasPerformanceSessions = true
	EndGlobalSection
EndGlobal
